
Microsoft Visual Studio Solution File, Format Version 12.00
# Visual Studio Version 16
VisualStudioVersion = 16.0.30114.105
MinimumVisualStudioVersion = 10.0.40219.1
Project("{FAE04EC0-301F-11D3-BF4B-00C04F79EFBC}") = "Walterlv.BlogTransformer", "Walterlv.BlogTransformer\Walterlv.BlogTransformer.csproj", "{8562D9C6-A787-4796-82BC-88B73037709D}"
EndProject
Global
	GlobalSection(SolutionConfigurationPlatforms) = preSolution
		Debug|Any CPU = Debug|Any CPU
		Release|Any CPU = Release|Any CPU
	EndGlobalSection
	GlobalSection(ProjectConfigurationPlatforms) = postSolution
		{8562D9C6-A787-4796-82BC-88B73037709D}.Debug|Any CPU.ActiveCfg = Debug|Any CPU
		{8562D9C6-A787-4796-82BC-88B73037709D}.Debug|Any CPU.Build.0 = Debug|Any CPU
		{8562D9C6-A787-4796-82BC-88B73037709D}.Release|Any CPU.ActiveCfg = Release|Any CPU
		{8562D9C6-A787-4796-82BC-88B73037709D}.Release|Any CPU.Build.0 = Release|Any CPU
	EndGlobalSection
	GlobalSection(SolutionProperties) = preSolution
		HideSolutionNode = FALSE
	EndGlobalSection
	GlobalSection(ExtensibilityGlobals) = postSolution
		SolutionGuid = {7DC93982-2A23-48F6-94F9-2CDDF0190C72}
	EndGlobalSection
EndGlobal
